
Microsoft Visual Studio Solution File, Format Version 12.00
# Visual Studio Version 17
VisualStudioVersion = 17.1.32228.430
MinimumVisualStudioVersion = 10.0.40219.1
Project("{FAE04EC0-301F-11D3-BF4B-00C04F79EFBC}") = "whizlab-github", "whizlab-github\whizlab-github.csproj", "{C78F521B-745B-4EAC-886E-4C7C793C869C}"
EndProject
Global
	GlobalSection(SolutionConfigurationPlatforms) = preSolution
		Debug|Any CPU = Debug|Any CPU
		Release|Any CPU = Release|Any CPU
	EndGlobalSection
	GlobalSection(ProjectConfigurationPlatforms) = postSolution
		{C78F521B-745B-4EAC-886E-4C7C793C869C}.Debug|Any CPU.ActiveCfg = Debug|Any CPU
		{C78F521B-745B-4EAC-886E-4C7C793C869C}.Debug|Any CPU.Build.0 = Debug|Any CPU
		{C78F521B-745B-4EAC-886E-4C7C793C869C}.Release|Any CPU.ActiveCfg = Release|Any CPU
		{C78F521B-745B-4EAC-886E-4C7C793C869C}.Release|Any CPU.Build.0 = Release|Any CPU
	EndGlobalSection
	GlobalSection(SolutionProperties) = preSolution
		HideSolutionNode = FALSE
	EndGlobalSection
	GlobalSection(ExtensibilityGlobals) = postSolution
		SolutionGuid = {85C38993-3478-4BE1-ACB3-08B68AC34570}
	EndGlobalSection
EndGlobal
